
Microsoft Visual Studio Solution File, Format Version 12.00
# Visual Studio Version 17
VisualStudioVersion = 17.14.36121.58
MinimumVisualStudioVersion = 10.0.40219.1
Project("{FAE04EC0-301F-11D3-BF4B-00C04F79EFBC}") = "test", "test\test.csproj", "{D8464A9D-3261-4D4F-9194-8ACBBBF020ED}"
EndProject
Project("{FAE04EC0-301F-11D3-BF4B-00C04F79EFBC}") = "Project2", "..\Project2\Project2\Project2.csproj", "{B37D1E0D-DB7A-CC95-E095-82EA478D591C}"
EndProject
Global
	GlobalSection(SolutionConfigurationPlatforms) = preSolution
		Debug|Any CPU = Debug|Any CPU
		Release|Any CPU = Release|Any CPU
	EndGlobalSection
	GlobalSection(ProjectConfigurationPlatforms) = postSolution
		{D8464A9D-3261-4D4F-9194-8ACBBBF020ED}.Debug|Any CPU.ActiveCfg = Debug|Any CPU
		{D8464A9D-3261-4D4F-9194-8ACBBBF020ED}.Debug|Any CPU.Build.0 = Debug|Any CPU
		{D8464A9D-3261-4D4F-9194-8ACBBBF020ED}.Release|Any CPU.ActiveCfg = Release|Any CPU
		{D8464A9D-3261-4D4F-9194-8ACBBBF020ED}.Release|Any CPU.Build.0 = Release|Any CPU
		{B37D1E0D-DB7A-CC95-E095-82EA478D591C}.Debug|Any CPU.ActiveCfg = Debug|Any CPU
		{B37D1E0D-DB7A-CC95-E095-82EA478D591C}.Debug|Any CPU.Build.0 = Debug|Any CPU
		{B37D1E0D-DB7A-CC95-E095-82EA478D591C}.Release|Any CPU.ActiveCfg = Release|Any CPU
		{B37D1E0D-DB7A-CC95-E095-82EA478D591C}.Release|Any CPU.Build.0 = Release|Any CPU
	EndGlobalSection
	GlobalSection(SolutionProperties) = preSolution
		HideSolutionNode = FALSE
	EndGlobalSection
	GlobalSection(ExtensibilityGlobals) = postSolution
		SolutionGuid = {A70B38E0-2713-4696-A409-CE02BD30268A}
	EndGlobalSection
EndGlobal
