
Microsoft Visual Studio Solution File, Format Version 12.00
# Visual Studio Version 17
VisualStudioVersion = 17.14.36121.58 d17.14
MinimumVisualStudioVersion = 10.0.40219.1
Project("{FAE04EC0-301F-11D3-BF4B-00C04F79EFBC}") = "Project2", "Project2\Project2.csproj", "{1B1AC8FB-7A71-44D4-8A85-EC4933AF262D}"
EndProject
Global
	GlobalSection(SolutionConfigurationPlatforms) = preSolution
		Debug|Any CPU = Debug|Any CPU
		Release|Any CPU = Release|Any CPU
	EndGlobalSection
	GlobalSection(ProjectConfigurationPlatforms) = postSolution
		{1B1AC8FB-7A71-44D4-8A85-EC4933AF262D}.Debug|Any CPU.ActiveCfg = Debug|Any CPU
		{1B1AC8FB-7A71-44D4-8A85-EC4933AF262D}.Debug|Any CPU.Build.0 = Debug|Any CPU
		{1B1AC8FB-7A71-44D4-8A85-EC4933AF262D}.Release|Any CPU.ActiveCfg = Release|Any CPU
		{1B1AC8FB-7A71-44D4-8A85-EC4933AF262D}.Release|Any CPU.Build.0 = Release|Any CPU
	EndGlobalSection
	GlobalSection(SolutionProperties) = preSolution
		HideSolutionNode = FALSE
	EndGlobalSection
	GlobalSection(ExtensibilityGlobals) = postSolution
		SolutionGuid = {C78DAB38-5E3B-4B5B-818C-5B8D7EE6C053}
	EndGlobalSection
EndGlobal
